
Microsoft Visual Studio Solution File, Format Version 12.00
# Visual Studio Version 17
VisualStudioVersion = 17.8.34511.84
MinimumVisualStudioVersion = 10.0.40219.1
Project("{9A19103F-16F7-4668-BE54-9A1E7A4F7556}") = "Lab15_Repaso3_ZOO", "Lab15_Repaso3_ZOO.csproj", "{37E58093-7DAA-47DA-8FF7-4DA7818A323E}"
EndProject
Global
	GlobalSection(SolutionConfigurationPlatforms) = preSolution
		Debug|Any CPU = Debug|Any CPU
		Release|Any CPU = Release|Any CPU
	EndGlobalSection
	GlobalSection(ProjectConfigurationPlatforms) = postSolution
		{37E58093-7DAA-47DA-8FF7-4DA7818A323E}.Debug|Any CPU.ActiveCfg = Debug|Any CPU
		{37E58093-7DAA-47DA-8FF7-4DA7818A323E}.Debug|Any CPU.Build.0 = Debug|Any CPU
		{37E58093-7DAA-47DA-8FF7-4DA7818A323E}.Release|Any CPU.ActiveCfg = Release|Any CPU
		{37E58093-7DAA-47DA-8FF7-4DA7818A323E}.Release|Any CPU.Build.0 = Release|Any CPU
	EndGlobalSection
	GlobalSection(SolutionProperties) = preSolution
		HideSolutionNode = FALSE
	EndGlobalSection
	GlobalSection(ExtensibilityGlobals) = postSolution
		SolutionGuid = {711B1384-6AAB-4C02-A18D-52BBAA4DCD99}
	EndGlobalSection
EndGlobal
